<Solution>
  <Folder Name="/src/">
    <Project Path="src/InferQueue.Api/InferQueue.Api.csproj" />
    <Project Path="src/InferQueue.Core/InferQueue.Core.csproj" />
    <Project Path="src/InferQueue.Infrastructure/InferQueue.Infrastructure.csproj" />
    <Project Path="src/InferQueue.Worker/InferQueue.Worker.csproj" />
  </Folder>
</Solution>
